PODS:
  - CocoaAsyncSocket (7.5.0):
    - CocoaAsyncSocket/GCD (= 7.5.0)
  - CocoaAsyncSocket/GCD (7.5.0)

DEPENDENCIES:
  - CocoaAsyncSocket

SPEC CHECKSUMS:
  CocoaAsyncSocket: 3baeb1ddd969f81cf9fca81053ae49ef2d1cbbfa

PODFILE CHECKSUM: ee92f4b56d315c2b4f4e97be0047ac77ff047c7d

COCOAPODS: 1.1.0.rc.2
